
Microsoft Visual Studio Solution File, Format Version 12.00
# Visual Studio Version 16
VisualStudioVersion = 16.0.31911.196
MinimumVisualStudioVersion = 10.0.40219.1
Project("{FAE04EC0-301F-11D3-BF4B-00C04F79EFBC}") = "Lab16WpfApp", "Lab16WpfApp\Lab16WpfApp.csproj", "{DD42DDB1-37C3-4538-87C9-B50E2E397893}"
EndProject
Global
	GlobalSection(SolutionConfigurationPlatforms) = preSolution
		Debug|Any CPU = Debug|Any CPU
		Release|Any CPU = Release|Any CPU
	EndGlobalSection
	GlobalSection(ProjectConfigurationPlatforms) = postSolution
		{DD42DDB1-37C3-4538-87C9-B50E2E397893}.Debug|Any CPU.ActiveCfg = Debug|Any CPU
		{DD42DDB1-37C3-4538-87C9-B50E2E397893}.Debug|Any CPU.Build.0 = Debug|Any CPU
		{DD42DDB1-37C3-4538-87C9-B50E2E397893}.Release|Any CPU.ActiveCfg = Release|Any CPU
		{DD42DDB1-37C3-4538-87C9-B50E2E397893}.Release|Any CPU.Build.0 = Release|Any CPU
	EndGlobalSection
	GlobalSection(SolutionProperties) = preSolution
		HideSolutionNode = FALSE
	EndGlobalSection
	GlobalSection(ExtensibilityGlobals) = postSolution
		SolutionGuid = {3B8BAE35-1156-480D-AE65-D39D06EB5AE9}
	EndGlobalSection
EndGlobal
